// !$*UTF8*$!
{
	archiveVersion = 1;
	classes = {
	};
	objectVersion = 56;
	objects = {

/* Begin PBXBuildFile section */
		DDD6C8D72AD8480800327F9E /* ToDoListApp.swift in Sources */ = {isa = PBXBuildFile; fileRef = DDD6C8D62AD8480800327F9E /* ToDoListApp.swift */; };
		DDD6C8DB2AD8480B00327F9E /* Assets.xcassets in Resources */ = {isa = PBXBuildFile; fileRef = DDD6C8DA2AD8480B00327F9E /* Assets.xcassets */; };
		DDD6C8DE2AD8480B00327F9E /* Preview Assets.xcassets in Resources */ = {isa = PBXBuildFile; fileRef = DDD6C8DD2AD8480B00327F9E /* Preview Assets.xcassets */; };
		DDD6C8E82AD8480B00327F9E /* ToDoListTests.swift in Sources */ = {isa = PBXBuildFile; fileRef = DDD6C8E72AD8480B00327F9E /* ToDoListTests.swift */; };
		DDD6C8F22AD8480B00327F9E /* ToDoListUITests.swift in Sources */ = {isa = PBXBuildFile; fileRef = DDD6C8F12AD8480B00327F9E /* ToDoListUITests.swift */; };
		DDD6C8F42AD8480B00327F9E /* ToDoListUITestsLaunchTests.swift in Sources */ = {isa = PBXBuildFile; fileRef = DDD6C8F32AD8480B00327F9E /* ToDoListUITestsLaunchTests.swift */; };
		DDD6C9052AD850D600327F9E /* MyTab.swift in Sources */ = {isa = PBXBuildFile; fileRef = DDD6C9042AD850D600327F9E /* MyTab.swift */; };
		DDD6C9072AD8512900327F9E /* MyPage.swift in Sources */ = {isa = PBXBuildFile; fileRef = DDD6C9062AD8512900327F9E /* MyPage.swift */; };
		DDD6C9092AD851FE00327F9E /* Coordinator.swift in Sources */ = {isa = PBXBuildFile; fileRef = DDD6C9082AD851FE00327F9E /* Coordinator.swift */; };
		DDD6C90B2AD852CD00327F9E /* MainView.swift in Sources */ = {isa = PBXBuildFile; fileRef = DDD6C90A2AD852CD00327F9E /* MainView.swift */; };
		DDD6C90D2AD8536100327F9E /* HomeView.swift in Sources */ = {isa = PBXBuildFile; fileRef = DDD6C90C2AD8536100327F9E /* HomeView.swift */; };
		DDD6C90F2AD8537800327F9E /* TodoView.swift in Sources */ = {isa = PBXBuildFile; fileRef = DDD6C90E2AD8537800327F9E /* TodoView.swift */; };
		DDD6C9112AD8539400327F9E /* SettingsView.swift in Sources */ = {isa = PBXBuildFile; fileRef = DDD6C9102AD8539400327F9E /* SettingsView.swift */; };
/* End PBXBuildFile section */

/* Begin PBXContainerItemProxy section */
		DDD6C8E42AD8480B00327F9E /* PBXContainerItemProxy */ = {
			isa = PBXContainerItemProxy;
			containerPortal = DDD6C8CB2AD8480800327F9E /* Project object */;
			proxyType = 1;
			remoteGlobalIDString = DDD6C8D22AD8480800327F9E;
			remoteInfo = ToDoList;
		};
		DDD6C8EE2AD8480B00327F9E /* PBXContainerItemProxy */ = {
			isa = PBXContainerItemProxy;
			containerPortal = DDD6C8CB2AD8480800327F9E /* Project object */;
			proxyType = 1;
			remoteGlobalIDString = DDD6C8D22AD8480800327F9E;
			remoteInfo = ToDoList;
		};
/* End PBXContainerItemProxy section */

/* Begin PBXFileReference section */
		DDD6C8D32AD8480800327F9E /* ToDoList.app */ = {isa = PBXFileReference; explicitFileType = wrapper.application; includeInIndex = 0; path = ToDoList.app; sourceTree = BUILT_PRODUCTS_DIR; };
		DDD6C8D62AD8480800327F9E /* ToDoListApp.swift */ = {isa = PBXFileReference; lastKnownFileType = sourcecode.swift; path = ToDoListApp.swift; sourceTree = "<group>"; };
		DDD6C8DA2AD8480B00327F9E /* Assets.xcassets */ = {isa = PBXFileReference; lastKnownFileType = folder.assetcatalog; path = Assets.xcassets; sourceTree = "<group>"; };
		DDD6C8DD2AD8480B00327F9E /* Preview Assets.xcassets */ = {isa = PBXFileReference; lastKnownFileType = folder.assetcatalog; path = "Preview Assets.xcassets"; sourceTree = "<group>"; };
		DDD6C8E32AD8480B00327F9E /* ToDoListTests.xctest */ = {isa = PBXFileReference; explicitFileType = wrapper.cfbundle; includeInIndex = 0; path = ToDoListTests.xctest; sourceTree = BUILT_PRODUCTS_DIR; };
		DDD6C8E72AD8480B00327F9E /* ToDoListTests.swift */ = {isa = PBXFileReference; lastKnownFileType = sourcecode.swift; path = ToDoListTests.swift; sourceTree = "<group>"; };
		DDD6C8ED2AD8480B00327F9E /* ToDoListUITests.xctest */ = {isa = PBXFileReference; explicitFileType = wrapper.cfbundle; includeInIndex = 0; path = ToDoListUITests.xctest; sourceTree = BUILT_PRODUCTS_DIR; };
		DDD6C8F12AD8480B00327F9E /* ToDoListUITests.swift */ = {isa = PBXFileReference; lastKnownFileType = sourcecode.swift; path = ToDoListUITests.swift; sourceTree = "<group>"; };
		DDD6C8F32AD8480B00327F9E /* ToDoListUITestsLaunchTests.swift */ = {isa = PBXFileReference; lastKnownFileType = sourcecode.swift; path = ToDoListUITestsLaunchTests.swift; sourceTree = "<group>"; };
		DDD6C9042AD850D600327F9E /* MyTab.swift */ = {isa = PBXFileReference; lastKnownFileType = sourcecode.swift; path = MyTab.swift; sourceTree = "<group>"; };
		DDD6C9062AD8512900327F9E /* MyPage.swift */ = {isa = PBXFileReference; lastKnownFileType = sourcecode.swift; path = MyPage.swift; sourceTree = "<group>"; };
		DDD6C9082AD851FE00327F9E /* Coordinator.swift */ = {isa = PBXFileReference; lastKnownFileType = sourcecode.swift; path = Coordinator.swift; sourceTree = "<group>"; };
		DDD6C90A2AD852CD00327F9E /* MainView.swift */ = {isa = PBXFileReference; lastKnownFileType = sourcecode.swift; path = MainView.swift; sourceTree = "<group>"; };
		DDD6C90C2AD8536100327F9E /* HomeView.swift */ = {isa = PBXFileReference; lastKnownFileType = sourcecode.swift; path = HomeView.swift; sourceTree = "<group>"; };
		DDD6C90E2AD8537800327F9E /* TodoView.swift */ = {isa = PBXFileReference; lastKnownFileType = sourcecode.swift; path = TodoView.swift; sourceTree = "<group>"; };
		DDD6C9102AD8539400327F9E /* SettingsView.swift */ = {isa = PBXFileReference; lastKnownFileType = sourcecode.swift; path = SettingsView.swift; sourceTree = "<group>"; };
/* End PBXFileReference section */

/* Begin PBXFrameworksBuildPhase section */
		DDD6C8D02AD8480800327F9E /* Frameworks */ = {
			isa = PBXFrameworksBuildPhase;
			buildActionMask = 2147483647;
			files = (
			);
			runOnlyForDeploymentPostprocessing = 0;
		};
		DDD6C8E02AD8480B00327F9E /* Frameworks */ = {
			isa = PBXFrameworksBuildPhase;
			buildActionMask = 2147483647;
			files = (
			);
			runOnlyForDeploymentPostprocessing = 0;
		};
		DDD6C8EA2AD8480B00327F9E /* Frameworks */ = {
			isa = PBXFrameworksBuildPhase;
			buildActionMask = 2147483647;
			files = (
			);
			runOnlyForDeploymentPostprocessing = 0;
		};
/* End PBXFrameworksBuildPhase section */

/* Begin PBXGroup section */
		DDD6C8CA2AD8480800327F9E = {
			isa = PBXGroup;
			children = (
				DDD6C8D52AD8480800327F9E /* ToDoList */,
				DDD6C8E62AD8480B00327F9E /* ToDoListTests */,
				DDD6C8F02AD8480B00327F9E /* ToDoListUITests */,
				DDD6C8D42AD8480800327F9E /* Products */,
			);
			sourceTree = "<group>";
		};
		DDD6C8D42AD8480800327F9E /* Products */ = {
			isa = PBXGroup;
			children = (
				DDD6C8D32AD8480800327F9E /* ToDoList.app */,
				DDD6C8E32AD8480B00327F9E /* ToDoListTests.xctest */,
				DDD6C8ED2AD8480B00327F9E /* ToDoListUITests.xctest */,
			);
			name = Products;
			sourceTree = "<group>";
		};
		DDD6C8D52AD8480800327F9E /* ToDoList */ = {
			isa = PBXGroup;
			children = (
				DDD6C9022AD84CF100327F9E /* Application */,
				DDD6C9032AD84D0C00327F9E /* View */,
				DDD6C9002AD84CA700327F9E /* Coordinator */,
				DDD6C9012AD84CC200327F9E /* Supporting files */,
				DDD6C8DC2AD8480B00327F9E /* Preview Content */,
			);
			path = ToDoList;
			sourceTree = "<group>";
		};
		DDD6C8DC2AD8480B00327F9E /* Preview Content */ = {
			isa = PBXGroup;
			children = (
				DDD6C8DD2AD8480B00327F9E /* Preview Assets.xcassets */,
			);
			path = "Preview Content";
			sourceTree = "<group>";
		};
		DDD6C8E62AD8480B00327F9E /* ToDoListTests */ = {
			isa = PBXGroup;
			children = (
				DDD6C8E72AD8480B00327F9E /* ToDoListTests.swift */,
			);
			path = ToDoListTests;
			sourceTree = "<group>";
		};
		DDD6C8F02AD8480B00327F9E /* ToDoListUITests */ = {
			isa = PBXGroup;
			children = (
				DDD6C8F12AD8480B00327F9E /* ToDoListUITests.swift */,
				DDD6C8F32AD8480B00327F9E /* ToDoListUITestsLaunchTests.swift */,
			);
			path = ToDoListUITests;
			sourceTree = "<group>";
		};
		DDD6C9002AD84CA700327F9E /* Coordinator */ = {
			isa = PBXGroup;
			children = (
				DDD6C9042AD850D600327F9E /* MyTab.swift */,
				DDD6C9062AD8512900327F9E /* MyPage.swift */,
				DDD6C9082AD851FE00327F9E /* Coordinator.swift */,
			);
			path = Coordinator;
			sourceTree = "<group>";
		};
		DDD6C9012AD84CC200327F9E /* Supporting files */ = {
			isa = PBXGroup;
			children = (
				DDD6C8DA2AD8480B00327F9E /* Assets.xcassets */,
			);
			path = "Supporting files";
			sourceTree = "<group>";
		};
		DDD6C9022AD84CF100327F9E /* Application */ = {
			isa = PBXGroup;
			children = (
				DDD6C8D62AD8480800327F9E /* ToDoListApp.swift */,
			);
			path = Application;
			sourceTree = "<group>";
		};
		DDD6C9032AD84D0C00327F9E /* View */ = {
			isa = PBXGroup;
			children = (
				DDD6C90A2AD852CD00327F9E /* MainView.swift */,
				DDD6C90C2AD8536100327F9E /* HomeView.swift */,
				DDD6C90E2AD8537800327F9E /* TodoView.swift */,
				DDD6C9102AD8539400327F9E /* SettingsView.swift */,
			);
			path = View;
			sourceTree = "<group>";
		};
/* End PBXGroup section */

/* Begin PBXNativeTarget section */
		DDD6C8D22AD8480800327F9E /* ToDoList */ = {
			isa = PBXNativeTarget;
			buildConfigurationList = DDD6C8F72AD8480B00327F9E /* Build configuration list for PBXNativeTarget "ToDoList" */;
			buildPhases = (
				DDD6C8CF2AD8480800327F9E /* Sources */,
				DDD6C8D02AD8480800327F9E /* Frameworks */,
				DDD6C8D12AD8480800327F9E /* Resources */,
			);
			buildRules = (
			);
			dependencies = (
			);
			name = ToDoList;
			productName = ToDoList;
			productReference = DDD6C8D32AD8480800327F9E /* ToDoList.app */;
			productType = "com.apple.product-type.application";
		};
		DDD6C8E22AD8480B00327F9E /* ToDoListTests */ = {
			isa = PBXNativeTarget;
			buildConfigurationList = DDD6C8FA2AD8480B00327F9E /* Build configuration list for PBXNativeTarget "ToDoListTests" */;
			buildPhases = (
				DDD6C8DF2AD8480B00327F9E /* Sources */,
				DDD6C8E02AD8480B00327F9E /* Frameworks */,
				DDD6C8E12AD8480B00327F9E /* Resources */,
			);
			buildRules = (
			);
			dependencies = (
				DDD6C8E52AD8480B00327F9E /* PBXTargetDependency */,
			);
			name = ToDoListTests;
			productName = ToDoListTests;
			productReference = DDD6C8E32AD8480B00327F9E /* ToDoListTests.xctest */;
			productType = "com.apple.product-type.bundle.unit-test";
		};
		DDD6C8EC2AD8480B00327F9E /* ToDoListUITests */ = {
			isa = PBXNativeTarget;
			buildConfigurationList = DDD6C8FD2AD8480B00327F9E /* Build configuration list for PBXNativeTarget "ToDoListUITests" */;
			buildPhases = (
				DDD6C8E92AD8480B00327F9E /* Sources */,
				DDD6C8EA2AD8480B00327F9E /* Frameworks */,
				DDD6C8EB2AD8480B00327F9E /* Resources */,
			);
			buildRules = (
			);
			dependencies = (
				DDD6C8EF2AD8480B00327F9E /* PBXTargetDependency */,
			);
			name = ToDoListUITests;
			productName = ToDoListUITests;
			productReference = DDD6C8ED2AD8480B00327F9E /* ToDoListUITests.xctest */;
			productType = "com.apple.product-type.bundle.ui-testing";
		};
/* End PBXNativeTarget section */

/* Begin PBXProject section */
		DDD6C8CB2AD8480800327F9E /* Project object */ = {
			isa = PBXProject;
			attributes = {
				BuildIndependentTargetsInParallel = 1;
				LastSwiftUpdateCheck = 1500;
				LastUpgradeCheck = 1500;
				TargetAttributes = {
					DDD6C8D22AD8480800327F9E = {
						CreatedOnToolsVersion = 15.0;
					};
					DDD6C8E22AD8480B00327F9E = {
						CreatedOnToolsVersion = 15.0;
						TestTargetID = DDD6C8D22AD8480800327F9E;
					};
					DDD6C8EC2AD8480B00327F9E = {
						CreatedOnToolsVersion = 15.0;
						TestTargetID = DDD6C8D22AD8480800327F9E;
					};
				};
			};
			buildConfigurationList = DDD6C8CE2AD8480800327F9E /* Build configuration list for PBXProject "ToDoList" */;
			compatibilityVersion = "Xcode 14.0";
			developmentRegion = en;
			hasScannedForEncodings = 0;
			knownRegions = (
				en,
				Base,
			);
			mainGroup = DDD6C8CA2AD8480800327F9E;
			productRefGroup = DDD6C8D42AD8480800327F9E /* Products */;
			projectDirPath = "";
			projectRoot = "";
			targets = (
				DDD6C8D22AD8480800327F9E /* ToDoList */,
				DDD6C8E22AD8480B00327F9E /* ToDoListTests */,
				DDD6C8EC2AD8480B00327F9E /* ToDoListUITests */,
			);
		};
/* End PBXProject section */

/* Begin PBXResourcesBuildPhase section */
		DDD6C8D12AD8480800327F9E /* Resources */ = {
			isa = PBXResourcesBuildPhase;
			buildActionMask = 2147483647;
			files = (
				DDD6C8DE2AD8480B00327F9E /* Preview Assets.xcassets in Resources */,
				DDD6C8DB2AD8480B00327F9E /* Assets.xcassets in Resources */,
			);
			runOnlyForDeploymentPostprocessing = 0;
		};
		DDD6C8E12AD8480B00327F9E /* Resources */ = {
			isa = PBXResourcesBuildPhase;
			buildActionMask = 2147483647;
			files = (
			);
			runOnlyForDeploymentPostprocessing = 0;
		};
		DDD6C8EB2AD8480B00327F9E /* Resources */ = {
			isa = PBXResourcesBuildPhase;
			buildActionMask = 2147483647;
			files = (
			);
			runOnlyForDeploymentPostprocessing = 0;
		};
/* End PBXResourcesBuildPhase section */

/* Begin PBXSourcesBuildPhase section */
		DDD6C8CF2AD8480800327F9E /* Sources */ = {
			isa = PBXSourcesBuildPhase;
			buildActionMask = 2147483647;
			files = (
				DDD6C90D2AD8536100327F9E /* HomeView.swift in Sources */,
				DDD6C90F2AD8537800327F9E /* TodoView.swift in Sources */,
				DDD6C9112AD8539400327F9E /* SettingsView.swift in Sources */,
				DDD6C90B2AD852CD00327F9E /* MainView.swift in Sources */,
				DDD6C9052AD850D600327F9E /* MyTab.swift in Sources */,
				DDD6C9092AD851FE00327F9E /* Coordinator.swift in Sources */,
				DDD6C9072AD8512900327F9E /* MyPage.swift in Sources */,
				DDD6C8D72AD8480800327F9E /* ToDoListApp.swift in Sources */,
			);
			runOnlyForDeploymentPostprocessing = 0;
		};
		DDD6C8DF2AD8480B00327F9E /* Sources */ = {
			isa = PBXSourcesBuildPhase;
			buildActionMask = 2147483647;
			files = (
				DDD6C8E82AD8480B00327F9E /* ToDoListTests.swift in Sources */,
			);
			runOnlyForDeploymentPostprocessing = 0;
		};
		DDD6C8E92AD8480B00327F9E /* Sources */ = {
			isa = PBXSourcesBuildPhase;
			buildActionMask = 2147483647;
			files = (
				DDD6C8F42AD8480B00327F9E /* ToDoListUITestsLaunchTests.swift in Sources */,
				DDD6C8F22AD8480B00327F9E /* ToDoListUITests.swift in Sources */,
			);
			runOnlyForDeploymentPostprocessing = 0;
		};
/* End PBXSourcesBuildPhase section */

/* Begin PBXTargetDependency section */
		DDD6C8E52AD8480B00327F9E /* PBXTargetDependency */ = {
			isa = PBXTargetDependency;
			target = DDD6C8D22AD8480800327F9E /* ToDoList */;
			targetProxy = DDD6C8E42AD8480B00327F9E /* PBXContainerItemProxy */;
		};
		DDD6C8EF2AD8480B00327F9E /* PBXTargetDependency */ = {
			isa = PBXTargetDependency;
			target = DDD6C8D22AD8480800327F9E /* ToDoList */;
			targetProxy = DDD6C8EE2AD8480B00327F9E /* PBXContainerItemProxy */;
		};
/* End PBXTargetDependency section */

/* Begin XCBuildConfiguration section */
		DDD6C8F52AD8480B00327F9E /* Debug */ = {
			isa = XCBuildConfiguration;
			buildSettings = {
				ALWAYS_SEARCH_USER_PATHS = NO;
				ASSETCATALOG_COMPILER_GENERATE_SWIFT_ASSET_SYMBOL_EXTENSIONS = YES;
				CLANG_ANALYZER_NONNULL = YES;
				CLANG_ANALYZER_NUMBER_OBJECT_CONVERSION = YES_AGGRESSIVE;
				CLANG_CXX_LANGUAGE_STANDARD = "gnu++20";
				CLANG_ENABLE_MODULES = YES;
				CLANG_ENABLE_OBJC_ARC = YES;
				CLANG_ENABLE_OBJC_WEAK = YES;
				CLANG_WARN_BLOCK_CAPTURE_AUTORELEASING = YES;
				CLANG_WARN_BOOL_CONVERSION = YES;
				CLANG_WARN_COMMA = YES;
				CLANG_WARN_CONSTANT_CONVERSION = YES;
				CLANG_WARN_DEPRECATED_OBJC_IMPLEMENTATIONS = YES;
				CLANG_WARN_DIRECT_OBJC_ISA_USAGE = YES_ERROR;
				CLANG_WARN_DOCUMENTATION_COMMENTS = YES;
				CLANG_WARN_EMPTY_BODY = YES;
				CLANG_WARN_ENUM_CONVERSION = YES;
				CLANG_WARN_INFINITE_RECURSION = YES;
				CLANG_WARN_INT_CONVERSION = YES;
				CLANG_WARN_NON_LITERAL_NULL_CONVERSION = YES;
				CLANG_WARN_OBJC_IMPLICIT_RETAIN_SELF = YES;
				CLANG_WARN_OBJC_LITERAL_CONVERSION = YES;
				CLANG_WARN_OBJC_ROOT_CLASS = YES_ERROR;
				CLANG_WARN_QUOTED_INCLUDE_IN_FRAMEWORK_HEADER = YES;
				CLANG_WARN_RANGE_LOOP_ANALYSIS = YES;
				CLANG_WARN_STRICT_PROTOTYPES = YES;
				CLANG_WARN_SUSPICIOUS_MOVE = YES;
				CLANG_WARN_UNGUARDED_AVAILABILITY = YES_AGGRESSIVE;
				CLANG_WARN_UNREACHABLE_CODE = YES;
				CLANG_WARN__DUPLICATE_METHOD_MATCH = YES;
				COPY_PHASE_STRIP = NO;
				DEBUG_INFORMATION_FORMAT = dwarf;
				ENABLE_STRICT_OBJC_MSGSEND = YES;
				ENABLE_TESTABILITY = YES;
				ENABLE_USER_SCRIPT_SANDBOXING = YES;
				GCC_C_LANGUAGE_STANDARD = gnu17;
				GCC_DYNAMIC_NO_PIC = NO;
				GCC_NO_COMMON_BLOCKS = YES;
				GCC_OPTIMIZATION_LEVEL = 0;
				GCC_PREPROCESSOR_DEFINITIONS = (
					"DEBUG=1",
					"$(inherited)",
				);
				GCC_WARN_64_TO_32_BIT_CONVERSION = YES;
				GCC_WARN_ABOUT_RETURN_TYPE = YES_ERROR;
				GCC_WARN_UNDECLARED_SELECTOR = YES;
				GCC_WARN_UNINITIALIZED_AUTOS = YES_AGGRESSIVE;
				GCC_WARN_UNUSED_FUNCTION = YES;
				GCC_WARN_UNUSED_VARIABLE = YES;
				IPHONEOS_DEPLOYMENT_TARGET = 17.0;
				LOCALIZATION_PREFERS_STRING_CATALOGS = YES;
				MTL_ENABLE_DEBUG_INFO = INCLUDE_SOURCE;
				MTL_FAST_MATH = YES;
				ONLY_ACTIVE_ARCH = YES;
				SDKROOT = iphoneos;
				SWIFT_ACTIVE_COMPILATION_CONDITIONS = "DEBUG $(inherited)";
				SWIFT_OPTIMIZATION_LEVEL = "-Onone";
			};
			name = Debug;
		};
		DDD6C8F62AD8480B00327F9E /* Release */ = {
			isa = XCBuildConfiguration;
			buildSettings = {
				ALWAYS_SEARCH_USER_PATHS = NO;
				ASSETCATALOG_COMPILER_GENERATE_SWIFT_ASSET_SYMBOL_EXTENSIONS = YES;
				CLANG_ANALYZER_NONNULL = YES;
				CLANG_ANALYZER_NUMBER_OBJECT_CONVERSION = YES_AGGRESSIVE;
				CLANG_CXX_LANGUAGE_STANDARD = "gnu++20";
				CLANG_ENABLE_MODULES = YES;
				CLANG_ENABLE_OBJC_ARC = YES;
				CLANG_ENABLE_OBJC_WEAK = YES;
				CLANG_WARN_BLOCK_CAPTURE_AUTORELEASING = YES;
				CLANG_WARN_BOOL_CONVERSION = YES;
				CLANG_WARN_COMMA = YES;
				CLANG_WARN_CONSTANT_CONVERSION = YES;
				CLANG_WARN_DEPRECATED_OBJC_IMPLEMENTATIONS = YES;
				CLANG_WARN_DIRECT_OBJC_ISA_USAGE = YES_ERROR;
				CLANG_WARN_DOCUMENTATION_COMMENTS = YES;
				CLANG_WARN_EMPTY_BODY = YES;
				CLANG_WARN_ENUM_CONVERSION = YES;
				CLANG_WARN_INFINITE_RECURSION = YES;
				CLANG_WARN_INT_CONVERSION = YES;
				CLANG_WARN_NON_LITERAL_NULL_CONVERSION = YES;
				CLANG_WARN_OBJC_IMPLICIT_RETAIN_SELF = YES;
				CLANG_WARN_OBJC_LITERAL_CONVERSION = YES;
				CLANG_WARN_OBJC_ROOT_CLASS = YES_ERROR;
				CLANG_WARN_QUOTED_INCLUDE_IN_FRAMEWORK_HEADER = YES;
				CLANG_WARN_RANGE_LOOP_ANALYSIS = YES;
				CLANG_WARN_STRICT_PROTOTYPES = YES;
				CLANG_WARN_SUSPICIOUS_MOVE = YES;
				CLANG_WARN_UNGUARDED_AVAILABILITY = YES_AGGRESSIVE;
				CLANG_WARN_UNREACHABLE_CODE = YES;
				CLANG_WARN__DUPLICATE_METHOD_MATCH = YES;
				COPY_PHASE_STRIP = NO;
				DEBUG_INFORMATION_FORMAT = "dwarf-with-dsym";
				ENABLE_NS_ASSERTIONS = NO;
				ENABLE_STRICT_OBJC_MSGSEND = YES;
				ENABLE_USER_SCRIPT_SANDBOXING = YES;
				GCC_C_LANGUAGE_STANDARD = gnu17;
				GCC_NO_COMMON_BLOCKS = YES;
				GCC_WARN_64_TO_32_BIT_CONVERSION = YES;
				GCC_WARN_ABOUT_RETURN_TYPE = YES_ERROR;
				GCC_WARN_UNDECLARED_SELECTOR = YES;
				GCC_WARN_UNINITIALIZED_AUTOS = YES_AGGRESSIVE;
				GCC_WARN_UNUSED_FUNCTION = YES;
				GCC_WARN_UNUSED_VARIABLE = YES;
				IPHONEOS_DEPLOYMENT_TARGET = 17.0;
				LOCALIZATION_PREFERS_STRING_CATALOGS = YES;
				MTL_ENABLE_DEBUG_INFO = NO;
				MTL_FAST_MATH = YES;
				SDKROOT = iphoneos;
				SWIFT_COMPILATION_MODE = wholemodule;
				VALIDATE_PRODUCT = YES;
			};
			name = Release;
		};
		DDD6C8F82AD8480B00327F9E /* Debug */ = {
			isa = XCBuildConfiguration;
			buildSettings = {
				ASSETCATALOG_COMPILER_APPICON_NAME = AppIcon;
				ASSETCATALOG_COMPILER_GLOBAL_ACCENT_COLOR_NAME = AccentColor;
				CODE_SIGN_STYLE = Automatic;
				CURRENT_PROJECT_VERSION = 1;
				DEVELOPMENT_ASSET_PATHS = "\"ToDoList/Preview Content\"";
				DEVELOPMENT_TEAM = 62VLSN5H88;
				ENABLE_PREVIEWS = YES;
				GENERATE_INFOPLIST_FILE = YES;
				INFOPLIST_KEY_UIApplicationSceneManifest_Generation = YES;
				INFOPLIST_KEY_UIApplicationSupportsIndirectInputEvents = YES;
				INFOPLIST_KEY_UILaunchScreen_Generation = YES;
				INFOPLIST_KEY_UISupportedInterfaceOrientations_iPad = "UIInterfaceOrientationPortrait UIInterfaceOrientationPortraitUpsideDown UIInterfaceOrientationLandscapeLeft UIInterfaceOrientationLandscapeRight";
				INFOPLIST_KEY_UISupportedInterfaceOrientations_iPhone = "UIInterfaceOrientationPortrait UIInterfaceOrientationLandscapeLeft UIInterfaceOrientationLandscapeRight";
				LD_RUNPATH_SEARCH_PATHS = (
					"$(inherited)",
					"@executable_path/Frameworks",
				);
				MARKETING_VERSION = 1.0;
				PRODUCT_BUNDLE_IDENTIFIER = ru.deshab.ToDoList;
				PRODUCT_NAME = "$(TARGET_NAME)";
				SWIFT_EMIT_LOC_STRINGS = YES;
				SWIFT_VERSION = 5.0;
				TARGETED_DEVICE_FAMILY = "1,2";
			};
			name = Debug;
		};
		DDD6C8F92AD8480B00327F9E /* Release */ = {
			isa = XCBuildConfiguration;
			buildSettings = {
				ASSETCATALOG_COMPILER_APPICON_NAME = AppIcon;
				ASSETCATALOG_COMPILER_GLOBAL_ACCENT_COLOR_NAME = AccentColor;
				CODE_SIGN_STYLE = Automatic;
				CURRENT_PROJECT_VERSION = 1;
				DEVELOPMENT_ASSET_PATHS = "\"ToDoList/Preview Content\"";
				DEVELOPMENT_TEAM = 62VLSN5H88;
				ENABLE_PREVIEWS = YES;
				GENERATE_INFOPLIST_FILE = YES;
				INFOPLIST_KEY_UIApplicationSceneManifest_Generation = YES;
				INFOPLIST_KEY_UIApplicationSupportsIndirectInputEvents = YES;
				INFOPLIST_KEY_UILaunchScreen_Generation = YES;
				INFOPLIST_KEY_UISupportedInterfaceOrientations_iPad = "UIInterfaceOrientationPortrait UIInterfaceOrientationPortraitUpsideDown UIInterfaceOrientationLandscapeLeft UIInterfaceOrientationLandscapeRight";
				INFOPLIST_KEY_UISupportedInterfaceOrientations_iPhone = "UIInterfaceOrientationPortrait UIInterfaceOrientationLandscapeLeft UIInterfaceOrientationLandscapeRight";
				LD_RUNPATH_SEARCH_PATHS = (
					"$(inherited)",
					"@executable_path/Frameworks",
				);
				MARKETING_VERSION = 1.0;
				PRODUCT_BUNDLE_IDENTIFIER = ru.deshab.ToDoList;
				PRODUCT_NAME = "$(TARGET_NAME)";
				SWIFT_EMIT_LOC_STRINGS = YES;
				SWIFT_VERSION = 5.0;
				TARGETED_DEVICE_FAMILY = "1,2";
			};
			name = Release;
		};
		DDD6C8FB2AD8480B00327F9E /* Debug */ = {
			isa = XCBuildConfiguration;
			buildSettings = {
				ALWAYS_EMBED_SWIFT_STANDARD_LIBRARIES = YES;
				BUNDLE_LOADER = "$(TEST_HOST)";
				CODE_SIGN_STYLE = Automatic;
				CURRENT_PROJECT_VERSION = 1;
				DEVELOPMENT_TEAM = 62VLSN5H88;
				GENERATE_INFOPLIST_FILE = YES;
				IPHONEOS_DEPLOYMENT_TARGET = 17.0;
				MARKETING_VERSION = 1.0;
				PRODUCT_BUNDLE_IDENTIFIER = ru.deshab.ToDoListTests;
				PRODUCT_NAME = "$(TARGET_NAME)";
				SWIFT_EMIT_LOC_STRINGS = NO;
				SWIFT_VERSION = 5.0;
				TARGETED_DEVICE_FAMILY = "1,2";
				TEST_HOST = "$(BUILT_PRODUCTS_DIR)/ToDoList.app/$(BUNDLE_EXECUTABLE_FOLDER_PATH)/ToDoList";
			};
			name = Debug;
		};
		DDD6C8FC2AD8480B00327F9E /* Release */ = {
			isa = XCBuildConfiguration;
			buildSettings = {
				ALWAYS_EMBED_SWIFT_STANDARD_LIBRARIES = YES;
				BUNDLE_LOADER = "$(TEST_HOST)";
				CODE_SIGN_STYLE = Automatic;
				CURRENT_PROJECT_VERSION = 1;
				DEVELOPMENT_TEAM = 62VLSN5H88;
				GENERATE_INFOPLIST_FILE = YES;
				IPHONEOS_DEPLOYMENT_TARGET = 17.0;
				MARKETING_VERSION = 1.0;
				PRODUCT_BUNDLE_IDENTIFIER = ru.deshab.ToDoListTests;
				PRODUCT_NAME = "$(TARGET_NAME)";
				SWIFT_EMIT_LOC_STRINGS = NO;
				SWIFT_VERSION = 5.0;
				TARGETED_DEVICE_FAMILY = "1,2";
				TEST_HOST = "$(BUILT_PRODUCTS_DIR)/ToDoList.app/$(BUNDLE_EXECUTABLE_FOLDER_PATH)/ToDoList";
			};
			name = Release;
		};
		DDD6C8FE2AD8480B00327F9E /* Debug */ = {
			isa = XCBuildConfiguration;
			buildSettings = {
				ALWAYS_EMBED_SWIFT_STANDARD_LIBRARIES = YES;
				CODE_SIGN_STYLE = Automatic;
				CURRENT_PROJECT_VERSION = 1;
				DEVELOPMENT_TEAM = 62VLSN5H88;
				GENERATE_INFOPLIST_FILE = YES;
				MARKETING_VERSION = 1.0;
				PRODUCT_BUNDLE_IDENTIFIER = ru.deshab.ToDoListUITests;
				PRODUCT_NAME = "$(TARGET_NAME)";
				SWIFT_EMIT_LOC_STRINGS = NO;
				SWIFT_VERSION = 5.0;
				TARGETED_DEVICE_FAMILY = "1,2";
				TEST_TARGET_NAME = ToDoList;
			};
			name = Debug;
		};
		DDD6C8FF2AD8480B00327F9E /* Release */ = {
			isa = XCBuildConfiguration;
			buildSettings = {
				ALWAYS_EMBED_SWIFT_STANDARD_LIBRARIES = YES;
				CODE_SIGN_STYLE = Automatic;
				CURRENT_PROJECT_VERSION = 1;
				DEVELOPMENT_TEAM = 62VLSN5H88;
				GENERATE_INFOPLIST_FILE = YES;
				MARKETING_VERSION = 1.0;
				PRODUCT_BUNDLE_IDENTIFIER = ru.deshab.ToDoListUITests;
				PRODUCT_NAME = "$(TARGET_NAME)";
				SWIFT_EMIT_LOC_STRINGS = NO;
				SWIFT_VERSION = 5.0;
				TARGETED_DEVICE_FAMILY = "1,2";
				TEST_TARGET_NAME = ToDoList;
			};
			name = Release;
		};
/* End XCBuildConfiguration section */

/* Begin XCConfigurationList section */
		DDD6C8CE2AD8480800327F9E /* Build configuration list for PBXProject "ToDoList" */ = {
			isa = XCConfigurationList;
			buildConfigurations = (
				DDD6C8F52AD8480B00327F9E /* Debug */,
				DDD6C8F62AD8480B00327F9E /* Release */,
			);
			defaultConfigurationIsVisible = 0;
			defaultConfigurationName = Release;
		};
		DDD6C8F72AD8480B00327F9E /* Build configuration list for PBXNativeTarget "ToDoList" */ = {
			isa = XCConfigurationList;
			buildConfigurations = (
				DDD6C8F82AD8480B00327F9E /* Debug */,
				DDD6C8F92AD8480B00327F9E /* Release */,
			);
			defaultConfigurationIsVisible = 0;
			defaultConfigurationName = Release;
		};
		DDD6C8FA2AD8480B00327F9E /* Build configuration list for PBXNativeTarget "ToDoListTests" */ = {
			isa = XCConfigurationList;
			buildConfigurations = (
				DDD6C8FB2AD8480B00327F9E /* Debug */,
				DDD6C8FC2AD8480B00327F9E /* Release */,
			);
			defaultConfigurationIsVisible = 0;
			defaultConfigurationName = Release;
		};
		DDD6C8FD2AD8480B00327F9E /* Build configuration list for PBXNativeTarget "ToDoListUITests" */ = {
			isa = XCConfigurationList;
			buildConfigurations = (
				DDD6C8FE2AD8480B00327F9E /* Debug */,
				DDD6C8FF2AD8480B00327F9E /* Release */,
			);
			defaultConfigurationIsVisible = 0;
			defaultConfigurationName = Release;
		};
/* End XCConfigurationList section */
	};
	rootObject = DDD6C8CB2AD8480800327F9E /* Project object */;
}
